// !$*UTF8*$!
{
	archiveVersion = 1;
	classes = {
	};
	objectVersion = 46;
	objects = {

/* Begin PBXBuildFile section */
		884DD904FB0D8EA353118B55 /* Pods_ZhihuDaily.framework in Frameworks */ = {isa = PBXBuildFile; fileRef = 635EF91E981C120206ADBC47 /* Pods_ZhihuDaily.framework */; };
		DD0E67A51E2DC39A009B5E9C /* Constant.swift in Sources */ = {isa = PBXBuildFile; fileRef = DD0E67A41E2DC39A009B5E9C /* Constant.swift */; };
		DD62C13C1E20A79D003DDBDA /* NewsImageHeaderView.swift in Sources */ = {isa = PBXBuildFile; fileRef = DD62C13B1E20A79D003DDBDA /* NewsImageHeaderView.swift */; };
		DD62C1641E20CE92003DDBDA /* TAAbstractDotView.m in Sources */ = {isa = PBXBuildFile; fileRef = DD62C1571E20CE92003DDBDA /* TAAbstractDotView.m */; };
		DD62C1651E20CE92003DDBDA /* TAAnimatedDotView.m in Sources */ = {isa = PBXBuildFile; fileRef = DD62C1591E20CE92003DDBDA /* TAAnimatedDotView.m */; };
		DD62C1661E20CE92003DDBDA /* TADotView.m in Sources */ = {isa = PBXBuildFile; fileRef = DD62C15B1E20CE92003DDBDA /* TADotView.m */; };
		DD62C1671E20CE92003DDBDA /* TAPageControl.m in Sources */ = {isa = PBXBuildFile; fileRef = DD62C15D1E20CE92003DDBDA /* TAPageControl.m */; };
		DD62C1681E20CE92003DDBDA /* SDCollectionViewCell.m in Sources */ = {isa = PBXBuildFile; fileRef = DD62C15F1E20CE92003DDBDA /* SDCollectionViewCell.m */; };
		DD62C1691E20CE92003DDBDA /* SDCycleScrollView.m in Sources */ = {isa = PBXBuildFile; fileRef = DD62C1611E20CE92003DDBDA /* SDCycleScrollView.m */; };
		DD62C16A1E20CE92003DDBDA /* UIView+SDExtension.m in Sources */ = {isa = PBXBuildFile; fileRef = DD62C1631E20CE92003DDBDA /* UIView+SDExtension.m */; };
		DD62C16D1E20D3B3003DDBDA /* HttpRequest.swift in Sources */ = {isa = PBXBuildFile; fileRef = DD62C16C1E20D3B3003DDBDA /* HttpRequest.swift */; };
		DD62C16F1E20D441003DDBDA /* RequestAPI.swift in Sources */ = {isa = PBXBuildFile; fileRef = DD62C16E1E20D441003DDBDA /* RequestAPI.swift */; };
		DD63EEBB1E2F1DA20034EC89 /* RequestProtocol.swift in Sources */ = {isa = PBXBuildFile; fileRef = DD63EEBA1E2F1DA20034EC89 /* RequestProtocol.swift */; };
		DD63EEBF1E2F21D50034EC89 /* ClientProtocol.swift in Sources */ = {isa = PBXBuildFile; fileRef = DD63EEBE1E2F21D50034EC89 /* ClientProtocol.swift */; };
		DD63EEC11E2F23340034EC89 /* HTTPRequestClient.swift in Sources */ = {isa = PBXBuildFile; fileRef = DD63EEC01E2F23340034EC89 /* HTTPRequestClient.swift */; };
		DD63EEC41E2F48E80034EC89 /* ReformerProtocol.swift in Sources */ = {isa = PBXBuildFile; fileRef = DD63EEC31E2F48E80034EC89 /* ReformerProtocol.swift */; };
		DD63EEC61E2F4D0C0034EC89 /* HTTPResponse.swift in Sources */ = {isa = PBXBuildFile; fileRef = DD63EEC51E2F4D0C0034EC89 /* HTTPResponse.swift */; };
		DD63EECA1E2F8A590034EC89 /* HotNewsListReformer.swift in Sources */ = {isa = PBXBuildFile; fileRef = DD63EEC91E2F8A590034EC89 /* HotNewsListReformer.swift */; };
		DD70E58B1E2C754F00763F27 /* Delay.swift in Sources */ = {isa = PBXBuildFile; fileRef = DD70E58A1E2C754F00763F27 /* Delay.swift */; };
		DD7384CE1E27284E004C5BD3 /* NewsItemCell.swift in Sources */ = {isa = PBXBuildFile; fileRef = DD7384CD1E27284E004C5BD3 /* NewsItemCell.swift */; };
		DD8408421E1F4A52008A2CC0 /* AppDelegate.swift in Sources */ = {isa = PBXBuildFile; fileRef = DD8408411E1F4A52008A2CC0 /* AppDelegate.swift */; };
		DD8408471E1F4A52008A2CC0 /* Main.storyboard in Resources */ = {isa = PBXBuildFile; fileRef = DD8408451E1F4A52008A2CC0 /* Main.storyboard */; };
		DD8408491E1F4A52008A2CC0 /* Assets.xcassets in Resources */ = {isa = PBXBuildFile; fileRef = DD8408481E1F4A52008A2CC0 /* Assets.xcassets */; };
		DD84084C1E1F4A52008A2CC0 /* LaunchScreen.storyboard in Resources */ = {isa = PBXBuildFile; fileRef = DD84084A1E1F4A52008A2CC0 /* LaunchScreen.storyboard */; };
		DD84085E1E1F4B93008A2CC0 /* MMDrawerBarButtonItem.m in Sources */ = {isa = PBXBuildFile; fileRef = DD8408561E1F4B93008A2CC0 /* MMDrawerBarButtonItem.m */; };
		DD84085F1E1F4B93008A2CC0 /* MMDrawerController.m in Sources */ = {isa = PBXBuildFile; fileRef = DD8408591E1F4B93008A2CC0 /* MMDrawerController.m */; };
		DD8408601E1F4B93008A2CC0 /* MMDrawerVisualState.m in Sources */ = {isa = PBXBuildFile; fileRef = DD84085B1E1F4B93008A2CC0 /* MMDrawerVisualState.m */; };
		DD8408611E1F4B93008A2CC0 /* UIViewController+MMDrawerController.m in Sources */ = {isa = PBXBuildFile; fileRef = DD84085D1E1F4B93008A2CC0 /* UIViewController+MMDrawerController.m */; };
		DD8408671E1F4E50008A2CC0 /* MainNavigationController.swift in Sources */ = {isa = PBXBuildFile; fileRef = DD8408661E1F4E50008A2CC0 /* MainNavigationController.swift */; };
		DD8408711E1F6205008A2CC0 /* DailyHotNewsViewController.swift in Sources */ = {isa = PBXBuildFile; fileRef = DD8408701E1F6205008A2CC0 /* DailyHotNewsViewController.swift */; };
		DD8408731E1F62FC008A2CC0 /* SlideMenuViewController.swift in Sources */ = {isa = PBXBuildFile; fileRef = DD8408721E1F62FC008A2CC0 /* SlideMenuViewController.swift */; };
		DD8408851E1F93E7008A2CC0 /* AppDelegate+Extension.swift in Sources */ = {isa = PBXBuildFile; fileRef = DD8408831E1F93E7008A2CC0 /* AppDelegate+Extension.swift */; };
		DD8408861E1F93E7008A2CC0 /* UINavigationBar+Slipping.swift in Sources */ = {isa = PBXBuildFile; fileRef = DD8408841E1F93E7008A2CC0 /* UINavigationBar+Slipping.swift */; };
		DD8408891E1F9411008A2CC0 /* CommonFunctions.swift in Sources */ = {isa = PBXBuildFile; fileRef = DD8408881E1F9411008A2CC0 /* CommonFunctions.swift */; };
		DD8408911E1FA5DB008A2CC0 /* UIView+Utils.swift in Sources */ = {isa = PBXBuildFile; fileRef = DD8408901E1FA5DB008A2CC0 /* UIView+Utils.swift */; };
		DDA2AEDE1E305BD000982040 /* R.generated.swift in Sources */ = {isa = PBXBuildFile; fileRef = DDA2AEDD1E305BD000982040 /* R.generated.swift */; };
		DDB7A9441E31C7B1007991C5 /* Notification.swift in Sources */ = {isa = PBXBuildFile; fileRef = DDB7A9431E31C7B1007991C5 /* Notification.swift */; };
		DDDD670E1E29C1220090621A /* LaunchViewController.swift in Sources */ = {isa = PBXBuildFile; fileRef = DDDD670D1E29C1220090621A /* LaunchViewController.swift */; };
		DDDD67101E29C83D0090621A /* LaunchImageLoader.swift in Sources */ = {isa = PBXBuildFile; fileRef = DDDD670F1E29C83D0090621A /* LaunchImageLoader.swift */; };
/* End PBXBuildFile section */

/* Begin PBXFileReference section */
		635EF91E981C120206ADBC47 /* Pods_ZhihuDaily.framework */ = {isa = PBXFileReference; explicitFileType = wrapper.framework; includeInIndex = 0; path = Pods_ZhihuDaily.framework; sourceTree = BUILT_PRODUCTS_DIR; };
		844A60CF5D527E0C04CC2609 /* Pods-ZhihuDaily.release.xcconfig */ = {isa = PBXFileReference; includeInIndex = 1; lastKnownFileType = text.xcconfig; name = "Pods-ZhihuDaily.release.xcconfig"; path = "Pods/Target Support Files/Pods-ZhihuDaily/Pods-ZhihuDaily.release.xcconfig"; sourceTree = "<group>"; };
		98944EE7A718A0587A7DB4C0 /* Pods-ZhihuDaily.debug.xcconfig */ = {isa = PBXFileReference; includeInIndex = 1; lastKnownFileType = text.xcconfig; name = "Pods-ZhihuDaily.debug.xcconfig"; path = "Pods/Target Support Files/Pods-ZhihuDaily/Pods-ZhihuDaily.debug.xcconfig"; sourceTree = "<group>"; };
		DD0E67A41E2DC39A009B5E9C /* Constant.swift */ = {isa = PBXFileReference; fileEncoding = 4; lastKnownFileType = sourcecode.swift; path = Constant.swift; sourceTree = "<group>"; };
		DD62C13B1E20A79D003DDBDA /* NewsImageHeaderView.swift */ = {isa = PBXFileReference; fileEncoding = 4; lastKnownFileType = sourcecode.swift; path = NewsImageHeaderView.swift; sourceTree = "<group>"; };
		DD62C1561E20CE92003DDBDA /* TAAbstractDotView.h */ = {isa = PBXFileReference; fileEncoding = 4; lastKnownFileType = sourcecode.c.h; path = TAAbstractDotView.h; sourceTree = "<group>"; };
		DD62C1571E20CE92003DDBDA /* TAAbstractDotView.m */ = {isa = PBXFileReference; fileEncoding = 4; lastKnownFileType = sourcecode.c.objc; path = TAAbstractDotView.m; sourceTree = "<group>"; };
		DD62C1581E20CE92003DDBDA /* TAAnimatedDotView.h */ = {isa = PBXFileReference; fileEncoding = 4; lastKnownFileType = sourcecode.c.h; path = TAAnimatedDotView.h; sourceTree = "<group>"; };
		DD62C1591E20CE92003DDBDA /* TAAnimatedDotView.m */ = {isa = PBXFileReference; fileEncoding = 4; lastKnownFileType = sourcecode.c.objc; path = TAAnimatedDotView.m; sourceTree = "<group>"; };
		DD62C15A1E20CE92003DDBDA /* TADotView.h */ = {isa = PBXFileReference; fileEncoding = 4; lastKnownFileType = sourcecode.c.h; path = TADotView.h; sourceTree = "<group>"; };
		DD62C15B1E20CE92003DDBDA /* TADotView.m */ = {isa = PBXFileReference; fileEncoding = 4; lastKnownFileType = sourcecode.c.objc; path = TADotView.m; sourceTree = "<group>"; };
		DD62C15C1E20CE92003DDBDA /* TAPageControl.h */ = {isa = PBXFileReference; fileEncoding = 4; lastKnownFileType = sourcecode.c.h; path = TAPageControl.h; sourceTree = "<group>"; };
		DD62C15D1E20CE92003DDBDA /* TAPageControl.m */ = {isa = PBXFileReference; fileEncoding = 4; lastKnownFileType = sourcecode.c.objc; path = TAPageControl.m; sourceTree = "<group>"; };
		DD62C15E1E20CE92003DDBDA /* SDCollectionViewCell.h */ = {isa = PBXFileReference; fileEncoding = 4; lastKnownFileType = sourcecode.c.h; path = SDCollectionViewCell.h; sourceTree = "<group>"; };
		DD62C15F1E20CE92003DDBDA /* SDCollectionViewCell.m */ = {isa = PBXFileReference; fileEncoding = 4; lastKnownFileType = sourcecode.c.objc; path = SDCollectionViewCell.m; sourceTree = "<group>"; };
		DD62C1601E20CE92003DDBDA /* SDCycleScrollView.h */ = {isa = PBXFileReference; fileEncoding = 4; lastKnownFileType = sourcecode.c.h; path = SDCycleScrollView.h; sourceTree = "<group>"; };
		DD62C1611E20CE92003DDBDA /* SDCycleScrollView.m */ = {isa = PBXFileReference; fileEncoding = 4; lastKnownFileType = sourcecode.c.objc; path = SDCycleScrollView.m; sourceTree = "<group>"; };
		DD62C1621E20CE92003DDBDA /* UIView+SDExtension.h */ = {isa = PBXFileReference; fileEncoding = 4; lastKnownFileType = sourcecode.c.h; path = "UIView+SDExtension.h"; sourceTree = "<group>"; };
		DD62C1631E20CE92003DDBDA /* UIView+SDExtension.m */ = {isa = PBXFileReference; fileEncoding = 4; lastKnownFileType = sourcecode.c.objc; path = "UIView+SDExtension.m"; sourceTree = "<group>"; };
		DD62C16C1E20D3B3003DDBDA /* HttpRequest.swift */ = {isa = PBXFileReference; fileEncoding = 4; lastKnownFileType = sourcecode.swift; path = HttpRequest.swift; sourceTree = "<group>"; };
		DD62C16E1E20D441003DDBDA /* RequestAPI.swift */ = {isa = PBXFileReference; fileEncoding = 4; lastKnownFileType = sourcecode.swift; path = RequestAPI.swift; sourceTree = "<group>"; };
		DD63EEBA1E2F1DA20034EC89 /* RequestProtocol.swift */ = {isa = PBXFileReference; fileEncoding = 4; lastKnownFileType = sourcecode.swift; path = RequestProtocol.swift; sourceTree = "<group>"; };
		DD63EEBE1E2F21D50034EC89 /* ClientProtocol.swift */ = {isa = PBXFileReference; fileEncoding = 4; lastKnownFileType = sourcecode.swift; path = ClientProtocol.swift; sourceTree = "<group>"; };
		DD63EEC01E2F23340034EC89 /* HTTPRequestClient.swift */ = {isa = PBXFileReference; fileEncoding = 4; lastKnownFileType = sourcecode.swift; path = HTTPRequestClient.swift; sourceTree = "<group>"; };
		DD63EEC31E2F48E80034EC89 /* ReformerProtocol.swift */ = {isa = PBXFileReference; fileEncoding = 4; lastKnownFileType = sourcecode.swift; path = ReformerProtocol.swift; sourceTree = "<group>"; };
		DD63EEC51E2F4D0C0034EC89 /* HTTPResponse.swift */ = {isa = PBXFileReference; fileEncoding = 4; lastKnownFileType = sourcecode.swift; path = HTTPResponse.swift; sourceTree = "<group>"; };
		DD63EEC91E2F8A590034EC89 /* HotNewsListReformer.swift */ = {isa = PBXFileReference; fileEncoding = 4; lastKnownFileType = sourcecode.swift; path = HotNewsListReformer.swift; sourceTree = "<group>"; };
		DD70E58A1E2C754F00763F27 /* Delay.swift */ = {isa = PBXFileReference; fileEncoding = 4; lastKnownFileType = sourcecode.swift; path = Delay.swift; sourceTree = "<group>"; };
		DD7384CD1E27284E004C5BD3 /* NewsItemCell.swift */ = {isa = PBXFileReference; fileEncoding = 4; lastKnownFileType = sourcecode.swift; path = NewsItemCell.swift; sourceTree = "<group>"; };
		DD84083E1E1F4A52008A2CC0 /* ZhihuDaily.app */ = {isa = PBXFileReference; explicitFileType = wrapper.application; includeInIndex = 0; path = ZhihuDaily.app; sourceTree = BUILT_PRODUCTS_DIR; };
		DD8408411E1F4A52008A2CC0 /* AppDelegate.swift */ = {isa = PBXFileReference; lastKnownFileType = sourcecode.swift; name = AppDelegate.swift; path = ../AppDelegate.swift; sourceTree = "<group>"; };
		DD8408461E1F4A52008A2CC0 /* Base */ = {isa = PBXFileReference; lastKnownFileType = file.storyboard; name = Base; path = Base.lproj/Main.storyboard; sourceTree = "<group>"; };
		DD8408481E1F4A52008A2CC0 /* Assets.xcassets */ = {isa = PBXFileReference; lastKnownFileType = folder.assetcatalog; path = Assets.xcassets; sourceTree = "<group>"; };
		DD84084B1E1F4A52008A2CC0 /* Base */ = {isa = PBXFileReference; lastKnownFileType = file.storyboard; name = Base; path = Base.lproj/LaunchScreen.storyboard; sourceTree = "<group>"; };
		DD84084D1E1F4A52008A2CC0 /* Info.plist */ = {isa = PBXFileReference; lastKnownFileType = text.plist.xml; path = Info.plist; sourceTree = "<group>"; };
		DD8408551E1F4B93008A2CC0 /* MMDrawerBarButtonItem.h */ = {isa = PBXFileReference; fileEncoding = 4; lastKnownFileType = sourcecode.c.h; path = MMDrawerBarButtonItem.h; sourceTree = "<group>"; };
		DD8408561E1F4B93008A2CC0 /* MMDrawerBarButtonItem.m */ = {isa = PBXFileReference; fileEncoding = 4; lastKnownFileType = sourcecode.c.objc; path = MMDrawerBarButtonItem.m; sourceTree = "<group>"; };
		DD8408571E1F4B93008A2CC0 /* MMDrawerController+Subclass.h */ = {isa = PBXFileReference; fileEncoding = 4; lastKnownFileType = sourcecode.c.h; path = "MMDrawerController+Subclass.h"; sourceTree = "<group>"; };
		DD8408581E1F4B93008A2CC0 /* MMDrawerController.h */ = {isa = PBXFileReference; fileEncoding = 4; lastKnownFileType = sourcecode.c.h; path = MMDrawerController.h; sourceTree = "<group>"; };
		DD8408591E1F4B93008A2CC0 /* MMDrawerController.m */ = {isa = PBXFileReference; fileEncoding = 4; lastKnownFileType = sourcecode.c.objc; path = MMDrawerController.m; sourceTree = "<group>"; };
		DD84085A1E1F4B93008A2CC0 /* MMDrawerVisualState.h */ = {isa = PBXFileReference; fileEncoding = 4; lastKnownFileType = sourcecode.c.h; path = MMDrawerVisualState.h; sourceTree = "<group>"; };
		DD84085B1E1F4B93008A2CC0 /* MMDrawerVisualState.m */ = {isa = PBXFileReference; fileEncoding = 4; lastKnownFileType = sourcecode.c.objc; path = MMDrawerVisualState.m; sourceTree = "<group>"; };
		DD84085C1E1F4B93008A2CC0 /* UIViewController+MMDrawerController.h */ = {isa = PBXFileReference; fileEncoding = 4; lastKnownFileType = sourcecode.c.h; path = "UIViewController+MMDrawerController.h"; sourceTree = "<group>"; };
		DD84085D1E1F4B93008A2CC0 /* UIViewController+MMDrawerController.m */ = {isa = PBXFileReference; fileEncoding = 4; lastKnownFileType = sourcecode.c.objc; path = "UIViewController+MMDrawerController.m"; sourceTree = "<group>"; };
		DD8408631E1F4D58008A2CC0 /* Bridging-Header.h */ = {isa = PBXFileReference; lastKnownFileType = sourcecode.c.h; path = "Bridging-Header.h"; sourceTree = "<group>"; };
		DD8408661E1F4E50008A2CC0 /* MainNavigationController.swift */ = {isa = PBXFileReference; fileEncoding = 4; lastKnownFileType = sourcecode.swift; path = MainNavigationController.swift; sourceTree = "<group>"; };
		DD8408701E1F6205008A2CC0 /* DailyHotNewsViewController.swift */ = {isa = PBXFileReference; fileEncoding = 4; lastKnownFileType = sourcecode.swift; path = DailyHotNewsViewController.swift; sourceTree = "<group>"; };
		DD8408721E1F62FC008A2CC0 /* SlideMenuViewController.swift */ = {isa = PBXFileReference; fileEncoding = 4; lastKnownFileType = sourcecode.swift; path = SlideMenuViewController.swift; sourceTree = "<group>"; };
		DD8408831E1F93E7008A2CC0 /* AppDelegate+Extension.swift */ = {isa = PBXFileReference; fileEncoding = 4; lastKnownFileType = sourcecode.swift; path = "AppDelegate+Extension.swift"; sourceTree = "<group>"; };
		DD8408841E1F93E7008A2CC0 /* UINavigationBar+Slipping.swift */ = {isa = PBXFileReference; fileEncoding = 4; lastKnownFileType = sourcecode.swift; path = "UINavigationBar+Slipping.swift"; sourceTree = "<group>"; };
		DD8408881E1F9411008A2CC0 /* CommonFunctions.swift */ = {isa = PBXFileReference; fileEncoding = 4; lastKnownFileType = sourcecode.swift; path = CommonFunctions.swift; sourceTree = "<group>"; };
		DD8408901E1FA5DB008A2CC0 /* UIView+Utils.swift */ = {isa = PBXFileReference; fileEncoding = 4; lastKnownFileType = sourcecode.swift; path = "UIView+Utils.swift"; sourceTree = "<group>"; };
		DDA2AEDD1E305BD000982040 /* R.generated.swift */ = {isa = PBXFileReference; fileEncoding = 4; lastKnownFileType = sourcecode.swift; name = R.generated.swift; path = ZhihuDaily/R.generated.swift; sourceTree = "<group>"; };
		DDB7A9431E31C7B1007991C5 /* Notification.swift */ = {isa = PBXFileReference; fileEncoding = 4; lastKnownFileType = sourcecode.swift; path = Notification.swift; sourceTree = "<group>"; };
		DDDD670D1E29C1220090621A /* LaunchViewController.swift */ = {isa = PBXFileReference; fileEncoding = 4; lastKnownFileType = sourcecode.swift; path = LaunchViewController.swift; sourceTree = "<group>"; };
		DDDD670F1E29C83D0090621A /* LaunchImageLoader.swift */ = {isa = PBXFileReference; fileEncoding = 4; lastKnownFileType = sourcecode.swift; path = LaunchImageLoader.swift; sourceTree = "<group>"; };
/* End PBXFileReference section */

/* Begin PBXFrameworksBuildPhase section */
		DD84083B1E1F4A52008A2CC0 /* Frameworks */ = {
			isa = PBXFrameworksBuildPhase;
			buildActionMask = 2147483647;
			files = (
				884DD904FB0D8EA353118B55 /* Pods_ZhihuDaily.framework in Frameworks */,
			);
			runOnlyForDeploymentPostprocessing = 0;
		};
/* End PBXFrameworksBuildPhase section */

/* Begin PBXGroup section */
		599ECA080B0DE9987C5FEC45 /* Frameworks */ = {
			isa = PBXGroup;
			children = (
				635EF91E981C120206ADBC47 /* Pods_ZhihuDaily.framework */,
			);
			name = Frameworks;
			sourceTree = "<group>";
		};
		94474BB21794CFDFB643DC8D /* Pods */ = {
			isa = PBXGroup;
			children = (
				98944EE7A718A0587A7DB4C0 /* Pods-ZhihuDaily.debug.xcconfig */,
				844A60CF5D527E0C04CC2609 /* Pods-ZhihuDaily.release.xcconfig */,
			);
			name = Pods;
			sourceTree = "<group>";
		};
		DD62C1541E20CE92003DDBDA /* SDCycleScrollView */ = {
			isa = PBXGroup;
			children = (
				DD62C1551E20CE92003DDBDA /* PageControl */,
				DD62C15E1E20CE92003DDBDA /* SDCollectionViewCell.h */,
				DD62C15F1E20CE92003DDBDA /* SDCollectionViewCell.m */,
				DD62C1601E20CE92003DDBDA /* SDCycleScrollView.h */,
				DD62C1611E20CE92003DDBDA /* SDCycleScrollView.m */,
				DD62C1621E20CE92003DDBDA /* UIView+SDExtension.h */,
				DD62C1631E20CE92003DDBDA /* UIView+SDExtension.m */,
			);
			path = SDCycleScrollView;
			sourceTree = "<group>";
		};
		DD62C1551E20CE92003DDBDA /* PageControl */ = {
			isa = PBXGroup;
			children = (
				DD62C1561E20CE92003DDBDA /* TAAbstractDotView.h */,
				DD62C1571E20CE92003DDBDA /* TAAbstractDotView.m */,
				DD62C1581E20CE92003DDBDA /* TAAnimatedDotView.h */,
				DD62C1591E20CE92003DDBDA /* TAAnimatedDotView.m */,
				DD62C15A1E20CE92003DDBDA /* TADotView.h */,
				DD62C15B1E20CE92003DDBDA /* TADotView.m */,
				DD62C15C1E20CE92003DDBDA /* TAPageControl.h */,
				DD62C15D1E20CE92003DDBDA /* TAPageControl.m */,
			);
			path = PageControl;
			sourceTree = "<group>";
		};
		DD62C16B1E20D20B003DDBDA /* Net */ = {
			isa = PBXGroup;
			children = (
				DD62C16E1E20D441003DDBDA /* RequestAPI.swift */,
				DD63EEBA1E2F1DA20034EC89 /* RequestProtocol.swift */,
				DD63EEBE1E2F21D50034EC89 /* ClientProtocol.swift */,
				DD62C16C1E20D3B3003DDBDA /* HttpRequest.swift */,
				DD63EEC51E2F4D0C0034EC89 /* HTTPResponse.swift */,
				DD63EEC01E2F23340034EC89 /* HTTPRequestClient.swift */,
			);
			path = Net;
			sourceTree = "<group>";
		};
		DD63EEC21E2F48D80034EC89 /* Reformer */ = {
			isa = PBXGroup;
			children = (
				DD63EEC31E2F48E80034EC89 /* ReformerProtocol.swift */,
				DD63EEC91E2F8A590034EC89 /* HotNewsListReformer.swift */,
			);
			path = Reformer;
			sourceTree = "<group>";
		};
		DD8408351E1F4A52008A2CC0 = {
			isa = PBXGroup;
			children = (
				DD8408631E1F4D58008A2CC0 /* Bridging-Header.h */,
				DDA2AEDD1E305BD000982040 /* R.generated.swift */,
				DD8408401E1F4A52008A2CC0 /* ZhihuDaily */,
				DD84083F1E1F4A52008A2CC0 /* Products */,
				94474BB21794CFDFB643DC8D /* Pods */,
				599ECA080B0DE9987C5FEC45 /* Frameworks */,
			);
			sourceTree = "<group>";
		};
		DD84083F1E1F4A52008A2CC0 /* Products */ = {
			isa = PBXGroup;
			children = (
				DD84083E1E1F4A52008A2CC0 /* ZhihuDaily.app */,
			);
			name = Products;
			sourceTree = "<group>";
		};
		DD8408401E1F4A52008A2CC0 /* ZhihuDaily */ = {
			isa = PBXGroup;
			children = (
				DD8408641E1F4E13008A2CC0 /* Controllers */,
				DD63EEC21E2F48D80034EC89 /* Reformer */,
				DD62C16B1E20D20B003DDBDA /* Net */,
				DD8408821E1F93E7008A2CC0 /* Extension */,
				DD8408871E1F93FA008A2CC0 /* Constant */,
				DD8408531E1F4B8B008A2CC0 /* Lib */,
				DD8408781E1F75F4008A2CC0 /* SupportFiles */,
			);
			path = ZhihuDaily;
			sourceTree = "<group>";
		};
		DD8408531E1F4B8B008A2CC0 /* Lib */ = {
			isa = PBXGroup;
			children = (
				DD62C1541E20CE92003DDBDA /* SDCycleScrollView */,
				DD8408541E1F4B93008A2CC0 /* MMDrawerController */,
			);
			path = Lib;
			sourceTree = "<group>";
		};
		DD8408541E1F4B93008A2CC0 /* MMDrawerController */ = {
			isa = PBXGroup;
			children = (
				DD8408551E1F4B93008A2CC0 /* MMDrawerBarButtonItem.h */,
				DD8408561E1F4B93008A2CC0 /* MMDrawerBarButtonItem.m */,
				DD8408571E1F4B93008A2CC0 /* MMDrawerController+Subclass.h */,
				DD8408581E1F4B93008A2CC0 /* MMDrawerController.h */,
				DD8408591E1F4B93008A2CC0 /* MMDrawerController.m */,
				DD84085A1E1F4B93008A2CC0 /* MMDrawerVisualState.h */,
				DD84085B1E1F4B93008A2CC0 /* MMDrawerVisualState.m */,
				DD84085C1E1F4B93008A2CC0 /* UIViewController+MMDrawerController.h */,
				DD84085D1E1F4B93008A2CC0 /* UIViewController+MMDrawerController.m */,
			);
			path = MMDrawerController;
			sourceTree = "<group>";
		};
		DD8408641E1F4E13008A2CC0 /* Controllers */ = {
			isa = PBXGroup;
			children = (
				DD8408411E1F4A52008A2CC0 /* AppDelegate.swift */,
				DD8408651E1F4E2F008A2CC0 /* Base */,
				DD84086C1E1F4F83008A2CC0 /* Home */,
				DD84086D1E1F4F83008A2CC0 /* Launch */,
				DD84086E1E1F4F83008A2CC0 /* Slide */,
				DD84086F1E1F4F83008A2CC0 /* Theme */,
			);
			path = Controllers;
			sourceTree = "<group>";
		};
		DD8408651E1F4E2F008A2CC0 /* Base */ = {
			isa = PBXGroup;
			children = (
				DD8408661E1F4E50008A2CC0 /* MainNavigationController.swift */,
				DD7384CD1E27284E004C5BD3 /* NewsItemCell.swift */,
			);
			path = Base;
			sourceTree = "<group>";
		};
		DD84086C1E1F4F83008A2CC0 /* Home */ = {
			isa = PBXGroup;
			children = (
				DD8408701E1F6205008A2CC0 /* DailyHotNewsViewController.swift */,
				DD62C13B1E20A79D003DDBDA /* NewsImageHeaderView.swift */,
			);
			path = Home;
			sourceTree = "<group>";
		};
		DD84086D1E1F4F83008A2CC0 /* Launch */ = {
			isa = PBXGroup;
			children = (
				DDDD670D1E29C1220090621A /* LaunchViewController.swift */,
				DDDD670F1E29C83D0090621A /* LaunchImageLoader.swift */,
			);
			path = Launch;
			sourceTree = "<group>";
		};
		DD84086E1E1F4F83008A2CC0 /* Slide */ = {
			isa = PBXGroup;
			children = (
				DD8408721E1F62FC008A2CC0 /* SlideMenuViewController.swift */,
			);
			path = Slide;
			sourceTree = "<group>";
		};
		DD84086F1E1F4F83008A2CC0 /* Theme */ = {
			isa = PBXGroup;
			children = (
			);
			path = Theme;
			sourceTree = "<group>";
		};
		DD8408781E1F75F4008A2CC0 /* SupportFiles */ = {
			isa = PBXGroup;
			children = (
				DD8408451E1F4A52008A2CC0 /* Main.storyboard */,
				DD8408481E1F4A52008A2CC0 /* Assets.xcassets */,
				DD84084A1E1F4A52008A2CC0 /* LaunchScreen.storyboard */,
				DD84084D1E1F4A52008A2CC0 /* Info.plist */,
			);
			name = SupportFiles;
			sourceTree = "<group>";
		};
		DD8408821E1F93E7008A2CC0 /* Extension */ = {
			isa = PBXGroup;
			children = (
				DD8408831E1F93E7008A2CC0 /* AppDelegate+Extension.swift */,
				DD8408841E1F93E7008A2CC0 /* UINavigationBar+Slipping.swift */,
				DD8408901E1FA5DB008A2CC0 /* UIView+Utils.swift */,
				DD70E58A1E2C754F00763F27 /* Delay.swift */,
				DDB7A9431E31C7B1007991C5 /* Notification.swift */,
			);
			path = Extension;
			sourceTree = "<group>";
		};
		DD8408871E1F93FA008A2CC0 /* Constant */ = {
			isa = PBXGroup;
			children = (
				DD8408881E1F9411008A2CC0 /* CommonFunctions.swift */,
				DD0E67A41E2DC39A009B5E9C /* Constant.swift */,
			);
			name = Constant;
			path = Macro;
			sourceTree = "<group>";
		};
/* End PBXGroup section */

/* Begin PBXNativeTarget section */
		DD84083D1E1F4A52008A2CC0 /* ZhihuDaily */ = {
			isa = PBXNativeTarget;
			buildConfigurationList = DD8408501E1F4A52008A2CC0 /* Build configuration list for PBXNativeTarget "ZhihuDaily" */;
			buildPhases = (
				DDA2AEDC1E305AE900982040 /* ShellScript */,
				ABAB09B29D6E8E55E6EB280D /* [CP] Check Pods Manifest.lock */,
				DD84083A1E1F4A52008A2CC0 /* Sources */,
				DD84083B1E1F4A52008A2CC0 /* Frameworks */,
				DD84083C1E1F4A52008A2CC0 /* Resources */,
				9D4D68D81E6212CF0D7CD396 /* [CP] Embed Pods Frameworks */,
				4933C5B3FFA5B781B018548F /* [CP] Copy Pods Resources */,
			);
			buildRules = (
			);
			dependencies = (
			);
			name = ZhihuDaily;
			productName = ZhihuDaily;
			productReference = DD84083E1E1F4A52008A2CC0 /* ZhihuDaily.app */;
			productType = "com.apple.product-type.application";
		};
/* End PBXNativeTarget section */

/* Begin PBXProject section */
		DD8408361E1F4A52008A2CC0 /* Project object */ = {
			isa = PBXProject;
			attributes = {
				LastSwiftUpdateCheck = 0820;
				LastUpgradeCheck = 0820;
				ORGANIZATIONNAME = YioMidd;
				TargetAttributes = {
					DD84083D1E1F4A52008A2CC0 = {
						CreatedOnToolsVersion = 8.2.1;
						DevelopmentTeam = TUWZFZTDD4;
						ProvisioningStyle = Automatic;
					};
				};
			};
			buildConfigurationList = DD8408391E1F4A52008A2CC0 /* Build configuration list for PBXProject "ZhihuDaily" */;
			compatibilityVersion = "Xcode 3.2";
			developmentRegion = English;
			hasScannedForEncodings = 0;
			knownRegions = (
				en,
				Base,
			);
			mainGroup = DD8408351E1F4A52008A2CC0;
			productRefGroup = DD84083F1E1F4A52008A2CC0 /* Products */;
			projectDirPath = "";
			projectRoot = "";
			targets = (
				DD84083D1E1F4A52008A2CC0 /* ZhihuDaily */,
			);
		};
/* End PBXProject section */

/* Begin PBXResourcesBuildPhase section */
		DD84083C1E1F4A52008A2CC0 /* Resources */ = {
			isa = PBXResourcesBuildPhase;
			buildActionMask = 2147483647;
			files = (
				DD84084C1E1F4A52008A2CC0 /* LaunchScreen.storyboard in Resources */,
				DD8408491E1F4A52008A2CC0 /* Assets.xcassets in Resources */,
				DD8408471E1F4A52008A2CC0 /* Main.storyboard in Resources */,
			);
			runOnlyForDeploymentPostprocessing = 0;
		};
/* End PBXResourcesBuildPhase section */

/* Begin PBXShellScriptBuildPhase section */
		4933C5B3FFA5B781B018548F /* [CP] Copy Pods Resources */ = {
			isa = PBXShellScriptBuildPhase;
			buildActionMask = 2147483647;
			files = (
			);
			inputPaths = (
			);
			name = "[CP] Copy Pods Resources";
			outputPaths = (
			);
			runOnlyForDeploymentPostprocessing = 0;
			shellPath = /bin/sh;
			shellScript = "\"${SRCROOT}/Pods/Target Support Files/Pods-ZhihuDaily/Pods-ZhihuDaily-resources.sh\"\n";
			showEnvVarsInLog = 0;
		};
		9D4D68D81E6212CF0D7CD396 /* [CP] Embed Pods Frameworks */ = {
			isa = PBXShellScriptBuildPhase;
			buildActionMask = 2147483647;
			files = (
			);
			inputPaths = (
			);
			name = "[CP] Embed Pods Frameworks";
			outputPaths = (
			);
			runOnlyForDeploymentPostprocessing = 0;
			shellPath = /bin/sh;
			shellScript = "\"${SRCROOT}/Pods/Target Support Files/Pods-ZhihuDaily/Pods-ZhihuDaily-frameworks.sh\"\n";
			showEnvVarsInLog = 0;
		};
		ABAB09B29D6E8E55E6EB280D /* [CP] Check Pods Manifest.lock */ = {
			isa = PBXShellScriptBuildPhase;
			buildActionMask = 2147483647;
			files = (
			);
			inputPaths = (
			);
			name = "[CP] Check Pods Manifest.lock";
			outputPaths = (
			);
			runOnlyForDeploymentPostprocessing = 0;
			shellPath = /bin/sh;
			shellScript = "diff \"${PODS_ROOT}/../Podfile.lock\" \"${PODS_ROOT}/Manifest.lock\" > /dev/null\nif [ $? != 0 ] ; then\n    # print error to STDERR\n    echo \"error: The sandbox is not in sync with the Podfile.lock. Run 'pod install' or update your CocoaPods installation.\" >&2\n    exit 1\nfi\n";
			showEnvVarsInLog = 0;
		};
		DDA2AEDC1E305AE900982040 /* ShellScript */ = {
			isa = PBXShellScriptBuildPhase;
			buildActionMask = 2147483647;
			files = (
			);
			inputPaths = (
			);
			outputPaths = (
			);
			runOnlyForDeploymentPostprocessing = 0;
			shellPath = /bin/sh;
			shellScript = "\"$PODS_ROOT/R.swift/rswift\" \"$SRCROOT/ZhihuDaily\"";
		};
/* End PBXShellScriptBuildPhase section */

/* Begin PBXSourcesBuildPhase section */
		DD84083A1E1F4A52008A2CC0 /* Sources */ = {
			isa = PBXSourcesBuildPhase;
			buildActionMask = 2147483647;
			files = (
				DD63EECA1E2F8A590034EC89 /* HotNewsListReformer.swift in Sources */,
				DD63EEBF1E2F21D50034EC89 /* ClientProtocol.swift in Sources */,
				DD0E67A51E2DC39A009B5E9C /* Constant.swift in Sources */,
				DD7384CE1E27284E004C5BD3 /* NewsItemCell.swift in Sources */,
				DD63EEC41E2F48E80034EC89 /* ReformerProtocol.swift in Sources */,
				DD62C1641E20CE92003DDBDA /* TAAbstractDotView.m in Sources */,
				DD8408851E1F93E7008A2CC0 /* AppDelegate+Extension.swift in Sources */,
				DD8408911E1FA5DB008A2CC0 /* UIView+Utils.swift in Sources */,
				DD8408671E1F4E50008A2CC0 /* MainNavigationController.swift in Sources */,
				DD70E58B1E2C754F00763F27 /* Delay.swift in Sources */,
				DD62C13C1E20A79D003DDBDA /* NewsImageHeaderView.swift in Sources */,
				DD8408601E1F4B93008A2CC0 /* MMDrawerVisualState.m in Sources */,
				DD63EEBB1E2F1DA20034EC89 /* RequestProtocol.swift in Sources */,
				DD63EEC61E2F4D0C0034EC89 /* HTTPResponse.swift in Sources */,
				DD62C16A1E20CE92003DDBDA /* UIView+SDExtension.m in Sources */,
				DD84085E1E1F4B93008A2CC0 /* MMDrawerBarButtonItem.m in Sources */,
				DD62C1651E20CE92003DDBDA /* TAAnimatedDotView.m in Sources */,
				DD62C1681E20CE92003DDBDA /* SDCollectionViewCell.m in Sources */,
				DD8408611E1F4B93008A2CC0 /* UIViewController+MMDrawerController.m in Sources */,
				DD63EEC11E2F23340034EC89 /* HTTPRequestClient.swift in Sources */,
				DD8408861E1F93E7008A2CC0 /* UINavigationBar+Slipping.swift in Sources */,
				DD84085F1E1F4B93008A2CC0 /* MMDrawerController.m in Sources */,
				DDA2AEDE1E305BD000982040 /* R.generated.swift in Sources */,
				DD8408731E1F62FC008A2CC0 /* SlideMenuViewController.swift in Sources */,
				DDDD670E1E29C1220090621A /* LaunchViewController.swift in Sources */,
				DD8408421E1F4A52008A2CC0 /* AppDelegate.swift in Sources */,
				DD8408891E1F9411008A2CC0 /* CommonFunctions.swift in Sources */,
				DD62C1661E20CE92003DDBDA /* TADotView.m in Sources */,
				DD62C16F1E20D441003DDBDA /* RequestAPI.swift in Sources */,
				DDDD67101E29C83D0090621A /* LaunchImageLoader.swift in Sources */,
				DD8408711E1F6205008A2CC0 /* DailyHotNewsViewController.swift in Sources */,
				DDB7A9441E31C7B1007991C5 /* Notification.swift in Sources */,
				DD62C16D1E20D3B3003DDBDA /* HttpRequest.swift in Sources */,
				DD62C1671E20CE92003DDBDA /* TAPageControl.m in Sources */,
				DD62C1691E20CE92003DDBDA /* SDCycleScrollView.m in Sources */,
			);
			runOnlyForDeploymentPostprocessing = 0;
		};
/* End PBXSourcesBuildPhase section */

/* Begin PBXVariantGroup section */
		DD8408451E1F4A52008A2CC0 /* Main.storyboard */ = {
			isa = PBXVariantGroup;
			children = (
				DD8408461E1F4A52008A2CC0 /* Base */,
			);
			name = Main.storyboard;
			sourceTree = "<group>";
		};
		DD84084A1E1F4A52008A2CC0 /* LaunchScreen.storyboard */ = {
			isa = PBXVariantGroup;
			children = (
				DD84084B1E1F4A52008A2CC0 /* Base */,
			);
			name = LaunchScreen.storyboard;
			sourceTree = "<group>";
		};
/* End PBXVariantGroup section */

/* Begin XCBuildConfiguration section */
		DD84084E1E1F4A52008A2CC0 /* Debug */ = {
			isa = XCBuildConfiguration;
			buildSettings = {
				ALWAYS_SEARCH_USER_PATHS = NO;
				CLANG_ANALYZER_NONNULL = YES;
				CLANG_CXX_LANGUAGE_STANDARD = "gnu++0x";
				CLANG_CXX_LIBRARY = "libc++";
				CLANG_ENABLE_MODULES = YES;
				CLANG_ENABLE_OBJC_ARC = YES;
				CLANG_WARN_BOOL_CONVERSION = YES;
				CLANG_WARN_CONSTANT_CONVERSION = YES;
				CLANG_WARN_DIRECT_OBJC_ISA_USAGE = YES_ERROR;
				CLANG_WARN_DOCUMENTATION_COMMENTS = YES;
				CLANG_WARN_EMPTY_BODY = YES;
				CLANG_WARN_ENUM_CONVERSION = YES;
				CLANG_WARN_INFINITE_RECURSION = YES;
				CLANG_WARN_INT_CONVERSION = YES;
				CLANG_WARN_OBJC_ROOT_CLASS = YES_ERROR;
				CLANG_WARN_SUSPICIOUS_MOVE = YES;
				CLANG_WARN_UNREACHABLE_CODE = YES;
				CLANG_WARN__DUPLICATE_METHOD_MATCH = YES;
				"CODE_SIGN_IDENTITY[sdk=iphoneos*]" = "iPhone Developer";
				COPY_PHASE_STRIP = NO;
				DEBUG_INFORMATION_FORMAT = dwarf;
				ENABLE_STRICT_OBJC_MSGSEND = YES;
				ENABLE_TESTABILITY = YES;
				GCC_C_LANGUAGE_STANDARD = gnu99;
				GCC_DYNAMIC_NO_PIC = NO;
				GCC_NO_COMMON_BLOCKS = YES;
				GCC_OPTIMIZATION_LEVEL = 0;
				GCC_PREPROCESSOR_DEFINITIONS = (
					"DEBUG=1",
					"$(inherited)",
				);
				GCC_WARN_64_TO_32_BIT_CONVERSION = YES;
				GCC_WARN_ABOUT_RETURN_TYPE = YES_ERROR;
				GCC_WARN_UNDECLARED_SELECTOR = YES;
				GCC_WARN_UNINITIALIZED_AUTOS = YES_AGGRESSIVE;
				GCC_WARN_UNUSED_FUNCTION = YES;
				GCC_WARN_UNUSED_VARIABLE = YES;
				IPHONEOS_DEPLOYMENT_TARGET = 10.2;
				MTL_ENABLE_DEBUG_INFO = YES;
				ONLY_ACTIVE_ARCH = YES;
				SDKROOT = iphoneos;
				SWIFT_ACTIVE_COMPILATION_CONDITIONS = DEBUG;
				SWIFT_OPTIMIZATION_LEVEL = "-Onone";
			};
			name = Debug;
		};
		DD84084F1E1F4A52008A2CC0 /* Release */ = {
			isa = XCBuildConfiguration;
			buildSettings = {
				ALWAYS_SEARCH_USER_PATHS = NO;
				CLANG_ANALYZER_NONNULL = YES;
				CLANG_CXX_LANGUAGE_STANDARD = "gnu++0x";
				CLANG_CXX_LIBRARY = "libc++";
				CLANG_ENABLE_MODULES = YES;
				CLANG_ENABLE_OBJC_ARC = YES;
				CLANG_WARN_BOOL_CONVERSION = YES;
				CLANG_WARN_CONSTANT_CONVERSION = YES;
				CLANG_WARN_DIRECT_OBJC_ISA_USAGE = YES_ERROR;
				CLANG_WARN_DOCUMENTATION_COMMENTS = YES;
				CLANG_WARN_EMPTY_BODY = YES;
				CLANG_WARN_ENUM_CONVERSION = YES;
				CLANG_WARN_INFINITE_RECURSION = YES;
				CLANG_WARN_INT_CONVERSION = YES;
				CLANG_WARN_OBJC_ROOT_CLASS = YES_ERROR;
				CLANG_WARN_SUSPICIOUS_MOVE = YES;
				CLANG_WARN_UNREACHABLE_CODE = YES;
				CLANG_WARN__DUPLICATE_METHOD_MATCH = YES;
				"CODE_SIGN_IDENTITY[sdk=iphoneos*]" = "iPhone Developer";
				COPY_PHASE_STRIP = NO;
				DEBUG_INFORMATION_FORMAT = "dwarf-with-dsym";
				ENABLE_NS_ASSERTIONS = NO;
				ENABLE_STRICT_OBJC_MSGSEND = YES;
				GCC_C_LANGUAGE_STANDARD = gnu99;
				GCC_NO_COMMON_BLOCKS = YES;
				GCC_WARN_64_TO_32_BIT_CONVERSION = YES;
				GCC_WARN_ABOUT_RETURN_TYPE = YES_ERROR;
				GCC_WARN_UNDECLARED_SELECTOR = YES;
				GCC_WARN_UNINITIALIZED_AUTOS = YES_AGGRESSIVE;
				GCC_WARN_UNUSED_FUNCTION = YES;
				GCC_WARN_UNUSED_VARIABLE = YES;
				IPHONEOS_DEPLOYMENT_TARGET = 10.2;
				MTL_ENABLE_DEBUG_INFO = NO;
				SDKROOT = iphoneos;
				SWIFT_OPTIMIZATION_LEVEL = "-Owholemodule";
				VALIDATE_PRODUCT = YES;
			};
			name = Release;
		};
		DD8408511E1F4A52008A2CC0 /* Debug */ = {
			isa = XCBuildConfiguration;
			baseConfigurationReference = 98944EE7A718A0587A7DB4C0 /* Pods-ZhihuDaily.debug.xcconfig */;
			buildSettings = {
				ASSETCATALOG_COMPILER_APPICON_NAME = AppIcon;
				DEVELOPMENT_TEAM = TUWZFZTDD4;
				INFOPLIST_FILE = ZhihuDaily/Info.plist;
				IPHONEOS_DEPLOYMENT_TARGET = 8.0;
				LD_RUNPATH_SEARCH_PATHS = "$(inherited) @executable_path/Frameworks";
				PRODUCT_BUNDLE_IDENTIFIER = com.yiomidd.ZhihuDaily;
				PRODUCT_NAME = "$(TARGET_NAME)";
				SWIFT_OBJC_BRIDGING_HEADER = "Bridging-Header.h";
				SWIFT_OPTIMIZATION_LEVEL = "-Onone";
				SWIFT_VERSION = 3.0;
			};
			name = Debug;
		};
		DD8408521E1F4A52008A2CC0 /* Release */ = {
			isa = XCBuildConfiguration;
			baseConfigurationReference = 844A60CF5D527E0C04CC2609 /* Pods-ZhihuDaily.release.xcconfig */;
			buildSettings = {
				ASSETCATALOG_COMPILER_APPICON_NAME = AppIcon;
				DEVELOPMENT_TEAM = TUWZFZTDD4;
				INFOPLIST_FILE = ZhihuDaily/Info.plist;
				IPHONEOS_DEPLOYMENT_TARGET = 8.0;
				LD_RUNPATH_SEARCH_PATHS = "$(inherited) @executable_path/Frameworks";
				PRODUCT_BUNDLE_IDENTIFIER = com.yiomidd.ZhihuDaily;
				PRODUCT_NAME = "$(TARGET_NAME)";
				SWIFT_OBJC_BRIDGING_HEADER = "Bridging-Header.h";
				SWIFT_OPTIMIZATION_LEVEL = "-Owholemodule";
				SWIFT_VERSION = 3.0;
			};
			name = Release;
		};
/* End XCBuildConfiguration section */

/* Begin XCConfigurationList section */
		DD8408391E1F4A52008A2CC0 /* Build configuration list for PBXProject "ZhihuDaily" */ = {
			isa = XCConfigurationList;
			buildConfigurations = (
				DD84084E1E1F4A52008A2CC0 /* Debug */,
				DD84084F1E1F4A52008A2CC0 /* Release */,
			);
			defaultConfigurationIsVisible = 0;
			defaultConfigurationName = Release;
		};
		DD8408501E1F4A52008A2CC0 /* Build configuration list for PBXNativeTarget "ZhihuDaily" */ = {
			isa = XCConfigurationList;
			buildConfigurations = (
				DD8408511E1F4A52008A2CC0 /* Debug */,
				DD8408521E1F4A52008A2CC0 /* Release */,
			);
			defaultConfigurationIsVisible = 0;
			defaultConfigurationName = Release;
		};
/* End XCConfigurationList section */
	};
	rootObject = DD8408361E1F4A52008A2CC0 /* Project object */;
}
